
Microsoft Visual Studio Solution File, Format Version 12.00
# Visual Studio Version 17
VisualStudioVersion = 17.0.31903.59
MinimumVisualStudioVersion = 10.0.40219.1
Project("{FAE04EC0-301F-11D3-BF4B-00C04F79EFBC}") = "OnlineSinavSistemi.Core", "OnlineSinavSistemi.Core\OnlineSinavSistemi.Core.csproj", "{2BA3F9DE-7955-4A5C-94CF-5A5E89FD0221}"
EndProject
Project("{FAE04EC0-301F-11D3-BF4B-00C04F79EFBC}") = "OnlineSinavSistemi.DataAccess", "OnlineSinavSistemi.DataAccess\OnlineSinavSistemi.DataAccess.csproj", "{053AECBD-6CDE-43F5-8CE3-CE64E15A731F}"
EndProject
Project("{FAE04EC0-301F-11D3-BF4B-00C04F79EFBC}") = "OnlineSinavSistemi.Business", "OnlineSinavSistemi.Business\OnlineSinavSistemi.Business.csproj", "{4F565025-6FBD-46A4-A48B-9578E86E8923}"
EndProject
Project("{FAE04EC0-301F-11D3-BF4B-00C04F79EFBC}") = "OnlineSinavSistemi.API", "OnlineSinavSistemi.API\OnlineSinavSistemi.API.csproj", "{6874BA10-144F-4BF0-9EDB-671A8C8FC480}"
EndProject
Project("{FAE04EC0-301F-11D3-BF4B-00C04F79EFBC}") = "OnlineSinavSistemi.Web", "OnlineSinavSistemi.Web\OnlineSinavSistemi.Web.csproj", "{F4FB1697-BE09-4091-8838-936A12767A08}"
EndProject
Global
	GlobalSection(SolutionConfigurationPlatforms) = preSolution
		Debug|Any CPU = Debug|Any CPU
		Debug|x64 = Debug|x64
		Debug|x86 = Debug|x86
		Release|Any CPU = Release|Any CPU
		Release|x64 = Release|x64
		Release|x86 = Release|x86
	EndGlobalSection
	GlobalSection(ProjectConfigurationPlatforms) = postSolution
		{2BA3F9DE-7955-4A5C-94CF-5A5E89FD0221}.Debug|Any CPU.ActiveCfg = Debug|Any CPU
		{2BA3F9DE-7955-4A5C-94CF-5A5E89FD0221}.Debug|Any CPU.Build.0 = Debug|Any CPU
		{2BA3F9DE-7955-4A5C-94CF-5A5E89FD0221}.Debug|x64.ActiveCfg = Debug|Any CPU
		{2BA3F9DE-7955-4A5C-94CF-5A5E89FD0221}.Debug|x64.Build.0 = Debug|Any CPU
		{2BA3F9DE-7955-4A5C-94CF-5A5E89FD0221}.Debug|x86.ActiveCfg = Debug|Any CPU
		{2BA3F9DE-7955-4A5C-94CF-5A5E89FD0221}.Debug|x86.Build.0 = Debug|Any CPU
		{2BA3F9DE-7955-4A5C-94CF-5A5E89FD0221}.Release|Any CPU.ActiveCfg = Release|Any CPU
		{2BA3F9DE-7955-4A5C-94CF-5A5E89FD0221}.Release|Any CPU.Build.0 = Release|Any CPU
		{2BA3F9DE-7955-4A5C-94CF-5A5E89FD0221}.Release|x64.ActiveCfg = Release|Any CPU
		{2BA3F9DE-7955-4A5C-94CF-5A5E89FD0221}.Release|x64.Build.0 = Release|Any CPU
		{2BA3F9DE-7955-4A5C-94CF-5A5E89FD0221}.Release|x86.ActiveCfg = Release|Any CPU
		{2BA3F9DE-7955-4A5C-94CF-5A5E89FD0221}.Release|x86.Build.0 = Release|Any CPU
		{053AECBD-6CDE-43F5-8CE3-CE64E15A731F}.Debug|Any CPU.ActiveCfg = Debug|Any CPU
		{053AECBD-6CDE-43F5-8CE3-CE64E15A731F}.Debug|Any CPU.Build.0 = Debug|Any CPU
		{053AECBD-6CDE-43F5-8CE3-CE64E15A731F}.Debug|x64.ActiveCfg = Debug|Any CPU
		{053AECBD-6CDE-43F5-8CE3-CE64E15A731F}.Debug|x64.Build.0 = Debug|Any CPU
		{053AECBD-6CDE-43F5-8CE3-CE64E15A731F}.Debug|x86.ActiveCfg = Debug|Any CPU
		{053AECBD-6CDE-43F5-8CE3-CE64E15A731F}.Debug|x86.Build.0 = Debug|Any CPU
		{053AECBD-6CDE-43F5-8CE3-CE64E15A731F}.Release|Any CPU.ActiveCfg = Release|Any CPU
		{053AECBD-6CDE-43F5-8CE3-CE64E15A731F}.Release|Any CPU.Build.0 = Release|Any CPU
		{053AECBD-6CDE-43F5-8CE3-CE64E15A731F}.Release|x64.ActiveCfg = Release|Any CPU
		{053AECBD-6CDE-43F5-8CE3-CE64E15A731F}.Release|x64.Build.0 = Release|Any CPU
		{053AECBD-6CDE-43F5-8CE3-CE64E15A731F}.Release|x86.ActiveCfg = Release|Any CPU
		{053AECBD-6CDE-43F5-8CE3-CE64E15A731F}.Release|x86.Build.0 = Release|Any CPU
		{4F565025-6FBD-46A4-A48B-9578E86E8923}.Debug|Any CPU.ActiveCfg = Debug|Any CPU
		{4F565025-6FBD-46A4-A48B-9578E86E8923}.Debug|Any CPU.Build.0 = Debug|Any CPU
		{4F565025-6FBD-46A4-A48B-9578E86E8923}.Debug|x64.ActiveCfg = Debug|Any CPU
		{4F565025-6FBD-46A4-A48B-9578E86E8923}.Debug|x64.Build.0 = Debug|Any CPU
		{4F565025-6FBD-46A4-A48B-9578E86E8923}.Debug|x86.ActiveCfg = Debug|Any CPU
		{4F565025-6FBD-46A4-A48B-9578E86E8923}.Debug|x86.Build.0 = Debug|Any CPU
		{4F565025-6FBD-46A4-A48B-9578E86E8923}.Release|Any CPU.ActiveCfg = Release|Any CPU
		{4F565025-6FBD-46A4-A48B-9578E86E8923}.Release|Any CPU.Build.0 = Release|Any CPU
		{4F565025-6FBD-46A4-A48B-9578E86E8923}.Release|x64.ActiveCfg = Release|Any CPU
		{4F565025-6FBD-46A4-A48B-9578E86E8923}.Release|x64.Build.0 = Release|Any CPU
		{4F565025-6FBD-46A4-A48B-9578E86E8923}.Release|x86.ActiveCfg = Release|Any CPU
		{4F565025-6FBD-46A4-A48B-9578E86E8923}.Release|x86.Build.0 = Release|Any CPU
		{6874BA10-144F-4BF0-9EDB-671A8C8FC480}.Debug|Any CPU.ActiveCfg = Debug|Any CPU
		{6874BA10-144F-4BF0-9EDB-671A8C8FC480}.Debug|Any CPU.Build.0 = Debug|Any CPU
		{6874BA10-144F-4BF0-9EDB-671A8C8FC480}.Debug|x64.ActiveCfg = Debug|Any CPU
		{6874BA10-144F-4BF0-9EDB-671A8C8FC480}.Debug|x64.Build.0 = Debug|Any CPU
		{6874BA10-144F-4BF0-9EDB-671A8C8FC480}.Debug|x86.ActiveCfg = Debug|Any CPU
		{6874BA10-144F-4BF0-9EDB-671A8C8FC480}.Debug|x86.Build.0 = Debug|Any CPU
		{6874BA10-144F-4BF0-9EDB-671A8C8FC480}.Release|Any CPU.ActiveCfg = Release|Any CPU
		{6874BA10-144F-4BF0-9EDB-671A8C8FC480}.Release|Any CPU.Build.0 = Release|Any CPU
		{6874BA10-144F-4BF0-9EDB-671A8C8FC480}.Release|x64.ActiveCfg = Release|Any CPU
		{6874BA10-144F-4BF0-9EDB-671A8C8FC480}.Release|x64.Build.0 = Release|Any CPU
		{6874BA10-144F-4BF0-9EDB-671A8C8FC480}.Release|x86.ActiveCfg = Release|Any CPU
		{6874BA10-144F-4BF0-9EDB-671A8C8FC480}.Release|x86.Build.0 = Release|Any CPU
		{F4FB1697-BE09-4091-8838-936A12767A08}.Debug|Any CPU.ActiveCfg = Debug|Any CPU
		{F4FB1697-BE09-4091-8838-936A12767A08}.Debug|Any CPU.Build.0 = Debug|Any CPU
		{F4FB1697-BE09-4091-8838-936A12767A08}.Debug|x64.ActiveCfg = Debug|Any CPU
		{F4FB1697-BE09-4091-8838-936A12767A08}.Debug|x64.Build.0 = Debug|Any CPU
		{F4FB1697-BE09-4091-8838-936A12767A08}.Debug|x86.ActiveCfg = Debug|Any CPU
		{F4FB1697-BE09-4091-8838-936A12767A08}.Debug|x86.Build.0 = Debug|Any CPU
		{F4FB1697-BE09-4091-8838-936A12767A08}.Release|Any CPU.ActiveCfg = Release|Any CPU
		{F4FB1697-BE09-4091-8838-936A12767A08}.Release|Any CPU.Build.0 = Release|Any CPU
		{F4FB1697-BE09-4091-8838-936A12767A08}.Release|x64.ActiveCfg = Release|Any CPU
		{F4FB1697-BE09-4091-8838-936A12767A08}.Release|x64.Build.0 = Release|Any CPU
		{F4FB1697-BE09-4091-8838-936A12767A08}.Release|x86.ActiveCfg = Release|Any CPU
		{F4FB1697-BE09-4091-8838-936A12767A08}.Release|x86.Build.0 = Release|Any CPU
	EndGlobalSection
	GlobalSection(SolutionProperties) = preSolution
		HideSolutionNode = FALSE
	EndGlobalSection
EndGlobal
